{
    "_readme": [
        "This file locks the dependencies of your project to a known state",
        "Read more about it at https://getcomposer.org/doc/01-basic-usage.md#composer-lock-the-lock-file",
        "This file is @generated automatically"
    ],
    "hash": "1690a509bd1646b075fadfe7abd8332a",
    "content-hash": "cf8db639bf57bbff4e6f32f6f28768ac",
    "packages": [
        {
            "name": "cboden/ratchet",
            "version": "v0.4.2",
            "source": {
                "type": "git",
                "url": "https://github.com/ratchetphp/Ratchet.git",
                "reference": "57721e1f184f9e29378fc5363867c47ddda743fd"
            },
            "dist": {
                "type": "zip",
                "url": "https://api.github.com/repos/ratchetphp/Ratchet/zipball/57721e1f184f9e29378fc5363867c47ddda743fd",
                "reference": "57721e1f184f9e29378fc5363867c47ddda743fd",
                "shasum": ""
            },
            "require": {
                "guzzlehttp/psr7": "^1.0",
                "php": ">=5.4.2",
                "ratchet/rfc6455": "^0.2",
                "react/socket": "^1.0 || ^0.8 || ^0.7 || ^0.6 || ^0.5",
                "symfony/http-foundation": "^2.6|^3.0|^4.0|^5.0",
                "symfony/routing": "^2.6|^3.0|^4.0|^5.0"
            },
            "require-dev": {
                "phpunit/phpunit": "~4.8"
            },
            "type": "library",
            "autoload": {
                "psr-4": {
                    "Ratchet\\": "src/Ratchet"
                }
            },
            "notification-url": "https://packagist.org/downloads/",
            "license": [
                "MIT"
            ],
            "authors": [
                {
                    "name": "Chris Boden",
                    "email": "cboden@gmail.com",
                    "role": "Developer"
                }
            ],
            "description": "PHP WebSocket library",
            "homepage": "http://socketo.me",
            "keywords": [
                "Ratchet",
                "WebSockets",
                "server",
                "sockets",
                "websocket"
            ],
            "time": "2020-01-27 23:08:40"
        },
        {
            "name": "evenement/evenement",
            "version": "v3.0.1",
            "source": {
                "type": "git",
                "url": "https://github.com/igorw/evenement.git",
                "reference": "531bfb9d15f8aa57454f5f0285b18bec903b8fb7"
            },
            "dist": {
                "type": "zip",
                "url": "https://api.github.com/repos/igorw/evenement/zipball/531bfb9d15f8aa57454f5f0285b18bec903b8fb7",
                "reference": "531bfb9d15f8aa57454f5f0285b18bec903b8fb7",
                "shasum": ""
            },
            "require": {
                "php": ">=7.0"
            },
            "require-dev": {
                "phpunit/phpunit": "^6.0"
            },
            "type": "library",
            "autoload": {
                "psr-0": {
                    "Evenement": "src"
                }
            },
            "notification-url": "https://packagist.org/downloads/",
            "license": [
                "MIT"
            ],
            "authors": [
                {
                    "name": "Igor Wiedler",
                    "email": "igor@wiedler.ch"
                }
            ],
            "description": "Événement is a very simple event dispatching library for PHP",
            "keywords": [
                "event-dispatcher",
                "event-emitter"
            ],
            "time": "2017-07-23 21:35:13"
        },
        {
            "name": "guzzlehttp/psr7",
            "version": "1.6.1",
            "source": {
                "type": "git",
                "url": "https://github.com/guzzle/psr7.git",
                "reference": "239400de7a173fe9901b9ac7c06497751f00727a"
            },
            "dist": {
                "type": "zip",
                "url": "https://api.github.com/repos/guzzle/psr7/zipball/239400de7a173fe9901b9ac7c06497751f00727a",
                "reference": "239400de7a173fe9901b9ac7c06497751f00727a",
                "shasum": ""
            },
            "require": {
                "php": ">=5.4.0",
                "psr/http-message": "~1.0",
                "ralouphie/getallheaders": "^2.0.5 || ^3.0.0"
            },
            "provide": {
                "psr/http-message-implementation": "1.0"
            },
            "require-dev": {
                "ext-zlib": "*",
                "phpunit/phpunit": "~4.8.36 || ^5.7.27 || ^6.5.8"
            },
            "suggest": {
                "zendframework/zend-httphandlerrunner": "Emit PSR-7 responses"
            },
            "type": "library",
            "extra": {
                "branch-alias": {
                    "dev-master": "1.6-dev"
                }
            },
            "autoload": {
                "psr-4": {
                    "GuzzleHttp\\Psr7\\": "src/"
                },
                "files": [
                    "src/functions_include.php"
                ]
            },
            "notification-url": "https://packagist.org/downloads/",
            "license": [
                "MIT"
            ],
            "authors": [
                {
                    "name": "Michael Dowling",
                    "email": "mtdowling@gmail.com",
                    "homepage": "https://github.com/mtdowling"
                },
                {
                    "name": "Tobias Schultze",
                    "homepage": "https://github.com/Tobion"
                }
            ],
            "description": "PSR-7 message implementation that also provides common utility methods",
            "keywords": [
                "http",
                "message",
                "psr-7",
                "request",
                "response",
                "stream",
                "uri",
                "url"
            ],
            "time": "2019-07-01 23:21:34"
        },
        {
            "name": "paragonie/random_compat",
            "version": "v9.99.99",
            "source": {
                "type": "git",
                "url": "https://github.com/paragonie/random_compat.git",
                "reference": "84b4dfb120c6f9b4ff7b3685f9b8f1aa365a0c95"
            },
            "dist": {
                "type": "zip",
                "url": "https://api.github.com/repos/paragonie/random_compat/zipball/84b4dfb120c6f9b4ff7b3685f9b8f1aa365a0c95",
                "reference": "84b4dfb120c6f9b4ff7b3685f9b8f1aa365a0c95",
                "shasum": ""
            },
            "require": {
                "php": "^7"
            },
            "require-dev": {
                "phpunit/phpunit": "4.*|5.*",
                "vimeo/psalm": "^1"
            },
            "suggest": {
                "ext-libsodium": "Provides a modern crypto API that can be used to generate random bytes."
            },
            "type": "library",
            "notification-url": "https://packagist.org/downloads/",
            "license": [
                "MIT"
            ],
            "authors": [
                {
                    "name": "Paragon Initiative Enterprises",
                    "email": "security@paragonie.com",
                    "homepage": "https://paragonie.com"
                }
            ],
            "description": "PHP 5.x polyfill for random_bytes() and random_int() from PHP 7",
            "keywords": [
                "csprng",
                "polyfill",
                "pseudorandom",
                "random"
            ],
            "time": "2018-07-02 15:55:56"
        },
        {
            "name": "phpmailer/phpmailer",
            "version": "v6.1.6",
            "source": {
                "type": "git",
                "url": "https://github.com/PHPMailer/PHPMailer.git",
                "reference": "c2796cb1cb99d7717290b48c4e6f32cb6c60b7b3"
            },
            "dist": {
                "type": "zip",
                "url": "https://api.github.com/repos/PHPMailer/PHPMailer/zipball/c2796cb1cb99d7717290b48c4e6f32cb6c60b7b3",
                "reference": "c2796cb1cb99d7717290b48c4e6f32cb6c60b7b3",
                "shasum": ""
            },
            "require": {
                "ext-ctype": "*",
                "ext-filter": "*",
                "php": ">=5.5.0"
            },
            "require-dev": {
                "doctrine/annotations": "^1.2",
                "friendsofphp/php-cs-fixer": "^2.2",
                "phpunit/phpunit": "^4.8 || ^5.7"
            },
            "suggest": {
                "ext-mbstring": "Needed to send email in multibyte encoding charset",
                "hayageek/oauth2-yahoo": "Needed for Yahoo XOAUTH2 authentication",
                "league/oauth2-google": "Needed for Google XOAUTH2 authentication",
                "psr/log": "For optional PSR-3 debug logging",
                "stevenmaguire/oauth2-microsoft": "Needed for Microsoft XOAUTH2 authentication",
                "symfony/polyfill-mbstring": "To support UTF-8 if the Mbstring PHP extension is not enabled (^1.2)"
            },
            "type": "library",
            "autoload": {
                "psr-4": {
                    "PHPMailer\\PHPMailer\\": "src/"
                }
            },
            "notification-url": "https://packagist.org/downloads/",
            "license": [
                "LGPL-2.1-only"
            ],
            "authors": [
                {
                    "name": "Marcus Bointon",
                    "email": "phpmailer@synchromedia.co.uk"
                },
                {
                    "name": "Jim Jagielski",
                    "email": "jimjag@gmail.com"
                },
                {
                    "name": "Andy Prevost",
                    "email": "codeworxtech@users.sourceforge.net"
                },
                {
                    "name": "Brent R. Matzelle"
                }
            ],
            "description": "PHPMailer is a full-featured email creation and transfer class for PHP",
            "time": "2020-05-27 12:24:03"
        },
        {
            "name": "psr/http-message",
            "version": "1.0.1",
            "source": {
                "type": "git",
                "url": "https://github.com/php-fig/http-message.git",
                "reference": "f6561bf28d520154e4b0ec72be95418abe6d9363"
            },
            "dist": {
                "type": "zip",
                "url": "https://api.github.com/repos/php-fig/http-message/zipball/f6561bf28d520154e4b0ec72be95418abe6d9363",
                "reference": "f6561bf28d520154e4b0ec72be95418abe6d9363",
                "shasum": ""
            },
            "require": {
                "php": ">=5.3.0"
            },
            "type": "library",
            "extra": {
                "branch-alias": {
                    "dev-master": "1.0.x-dev"
                }
            },
            "autoload": {
                "psr-4": {
                    "Psr\\Http\\Message\\": "src/"
                }
            },
            "notification-url": "https://packagist.org/downloads/",
            "license": [
                "MIT"
            ],
            "authors": [
                {
                    "name": "PHP-FIG",
                    "homepage": "http://www.php-fig.org/"
                }
            ],
            "description": "Common interface for HTTP messages",
            "homepage": "https://github.com/php-fig/http-message",
            "keywords": [
                "http",
                "http-message",
                "psr",
                "psr-7",
                "request",
                "response"
            ],
            "time": "2016-08-06 14:39:51"
        },
        {
            "name": "ralouphie/getallheaders",
            "version": "3.0.3",
            "source": {
                "type": "git",
                "url": "https://github.com/ralouphie/getallheaders.git",
                "reference": "120b605dfeb996808c31b6477290a714d356e822"
            },
            "dist": {
                "type": "zip",
                "url": "https://api.github.com/repos/ralouphie/getallheaders/zipball/120b605dfeb996808c31b6477290a714d356e822",
                "reference": "120b605dfeb996808c31b6477290a714d356e822",
                "shasum": ""
            },
            "require": {
                "php": ">=5.6"
            },
            "require-dev": {
                "php-coveralls/php-coveralls": "^2.1",
                "phpunit/phpunit": "^5 || ^6.5"
            },
            "type": "library",
            "autoload": {
                "files": [
                    "src/getallheaders.php"
                ]
            },
            "notification-url": "https://packagist.org/downloads/",
            "license": [
                "MIT"
            ],
            "authors": [
                {
                    "name": "Ralph Khattar",
                    "email": "ralph.khattar@gmail.com"
                }
            ],
            "description": "A polyfill for getallheaders.",
            "time": "2019-03-08 08:55:37"
        },
        {
            "name": "ratchet/pawl",
            "version": "v0.3.4",
            "source": {
                "type": "git",
                "url": "https://github.com/ratchetphp/Pawl.git",
                "reference": "3a7d5b78e0deaec82f42513a4a3193a8eb12feb1"
            },
            "dist": {
                "type": "zip",
                "url": "https://api.github.com/repos/ratchetphp/Pawl/zipball/3a7d5b78e0deaec82f42513a4a3193a8eb12feb1",
                "reference": "3a7d5b78e0deaec82f42513a4a3193a8eb12feb1",
                "shasum": ""
            },
            "require": {
                "evenement/evenement": "^3.0 || ^2.0",
                "php": ">=5.4",
                "ratchet/rfc6455": "^0.2.3",
                "react/socket": "^1.0 || ^0.8 || ^0.7"
            },
            "require-dev": {
                "phpunit/phpunit": "~4.8"
            },
            "suggest": {
                "reactivex/rxphp": "~2.0"
            },
            "type": "library",
            "autoload": {
                "psr-4": {
                    "Ratchet\\Client\\": "src"
                },
                "files": [
                    "src/functions_include.php"
                ]
            },
            "notification-url": "https://packagist.org/downloads/",
            "license": [
                "MIT"
            ],
            "description": "Asynchronous WebSocket client",
            "keywords": [
                "Ratchet",
                "async",
                "client",
                "websocket",
                "websocket client"
            ],
            "time": "2019-01-14 14:09:36"
        },
        {
            "name": "ratchet/rfc6455",
            "version": "v0.2.6",
            "source": {
                "type": "git",
                "url": "https://github.com/ratchetphp/RFC6455.git",
                "reference": "879e48c840f8dbc296d68d6a5030673df79bd916"
            },
            "dist": {
                "type": "zip",
                "url": "https://api.github.com/repos/ratchetphp/RFC6455/zipball/879e48c840f8dbc296d68d6a5030673df79bd916",
                "reference": "879e48c840f8dbc296d68d6a5030673df79bd916",
                "shasum": ""
            },
            "require": {
                "guzzlehttp/psr7": "^1.0",
                "php": ">=5.4.2"
            },
            "require-dev": {
                "phpunit/phpunit": "4.8.*",
                "react/socket": "^1.3"
            },
            "type": "library",
            "autoload": {
                "psr-4": {
                    "Ratchet\\RFC6455\\": "src"
                }
            },
            "notification-url": "https://packagist.org/downloads/",
            "license": [
                "MIT"
            ],
            "authors": [
                {
                    "name": "Chris Boden",
                    "email": "cboden@gmail.com",
                    "role": "Developer"
                }
            ],
            "description": "RFC6455 WebSocket protocol handler",
            "homepage": "http://socketo.me",
            "keywords": [
                "WebSockets",
                "rfc6455",
                "websocket"
            ],
            "time": "2019-12-15 10:18:18"
        },
        {
            "name": "react/cache",
            "version": "v1.0.0",
            "source": {
                "type": "git",
                "url": "https://github.com/reactphp/cache.git",
                "reference": "aa10d63a1b40a36a486bdf527f28bac607ee6466"
            },
            "dist": {
                "type": "zip",
                "url": "https://api.github.com/repos/reactphp/cache/zipball/aa10d63a1b40a36a486bdf527f28bac607ee6466",
                "reference": "aa10d63a1b40a36a486bdf527f28bac607ee6466",
                "shasum": ""
            },
            "require": {
                "php": ">=5.3.0",
                "react/promise": "~2.0|~1.1"
            },
            "require-dev": {
                "phpunit/phpunit": "^6.4 || ^5.7 || ^4.8.35"
            },
            "type": "library",
            "autoload": {
                "psr-4": {
                    "React\\Cache\\": "src/"
                }
            },
            "notification-url": "https://packagist.org/downloads/",
            "license": [
                "MIT"
            ],
            "description": "Async, Promise-based cache interface for ReactPHP",
            "keywords": [
                "cache",
                "caching",
                "promise",
                "reactphp"
            ],
            "time": "2019-07-11 13:45:28"
        },
        {
            "name": "react/dns",
            "version": "v1.2.0",
            "source": {
                "type": "git",
                "url": "https://github.com/reactphp/dns.git",
                "reference": "a214d90c2884dac18d0cac6176202f247b66d762"
            },
            "dist": {
                "type": "zip",
                "url": "https://api.github.com/repos/reactphp/dns/zipball/a214d90c2884dac18d0cac6176202f247b66d762",
                "reference": "a214d90c2884dac18d0cac6176202f247b66d762",
                "shasum": ""
            },
            "require": {
                "php": ">=5.3.0",
                "react/cache": "^1.0 || ^0.6 || ^0.5",
                "react/event-loop": "^1.0 || ^0.5",
                "react/promise": "^2.7 || ^1.2.1",
                "react/promise-timer": "^1.2"
            },
            "require-dev": {
                "clue/block-react": "^1.2",
                "phpunit/phpunit": "^7.0 || ^6.4 || ^5.7 || ^4.8.35"
            },
            "type": "library",
            "autoload": {
                "psr-4": {
                    "React\\Dns\\": "src"
                }
            },
            "notification-url": "https://packagist.org/downloads/",
            "license": [
                "MIT"
            ],
            "description": "Async DNS resolver for ReactPHP",
            "keywords": [
                "async",
                "dns",
                "dns-resolver",
                "reactphp"
            ],
            "time": "2019-08-15 09:06:31"
        },
        {
            "name": "react/event-loop",
            "version": "v1.1.1",
            "source": {
                "type": "git",
                "url": "https://github.com/reactphp/event-loop.git",
                "reference": "6d24de090cd59cfc830263cfba965be77b563c13"
            },
            "dist": {
                "type": "zip",
                "url": "https://api.github.com/repos/reactphp/event-loop/zipball/6d24de090cd59cfc830263cfba965be77b563c13",
                "reference": "6d24de090cd59cfc830263cfba965be77b563c13",
                "shasum": ""
            },
            "require": {
                "php": ">=5.3.0"
            },
            "require-dev": {
                "phpunit/phpunit": "^7.0 || ^6.4 || ^5.7 || ^4.8.35"
            },
            "suggest": {
                "ext-event": "~1.0 for ExtEventLoop",
                "ext-pcntl": "For signal handling support when using the StreamSelectLoop",
                "ext-uv": "* for ExtUvLoop"
            },
            "type": "library",
            "autoload": {
                "psr-4": {
                    "React\\EventLoop\\": "src"
                }
            },
            "notification-url": "https://packagist.org/downloads/",
            "license": [
                "MIT"
            ],
            "description": "ReactPHP's core reactor event loop that libraries can use for evented I/O.",
            "keywords": [
                "asynchronous",
                "event-loop"
            ],
            "time": "2020-01-01 18:39:52"
        },
        {
            "name": "react/promise",
            "version": "v2.8.0",
            "source": {
                "type": "git",
                "url": "https://github.com/reactphp/promise.git",
                "reference": "f3cff96a19736714524ca0dd1d4130de73dbbbc4"
            },
            "dist": {
                "type": "zip",
                "url": "https://api.github.com/repos/reactphp/promise/zipball/f3cff96a19736714524ca0dd1d4130de73dbbbc4",
                "reference": "f3cff96a19736714524ca0dd1d4130de73dbbbc4",
                "shasum": ""
            },
            "require": {
                "php": ">=5.4.0"
            },
            "require-dev": {
                "phpunit/phpunit": "^7.0 || ^6.5 || ^5.7 || ^4.8.36"
            },
            "type": "library",
            "autoload": {
                "psr-4": {
                    "React\\Promise\\": "src/"
                },
                "files": [
                    "src/functions_include.php"
                ]
            },
            "notification-url": "https://packagist.org/downloads/",
            "license": [
                "MIT"
            ],
            "authors": [
                {
                    "name": "Jan Sorgalla",
                    "email": "jsorgalla@gmail.com"
                }
            ],
            "description": "A lightweight implementation of CommonJS Promises/A for PHP",
            "keywords": [
                "promise",
                "promises"
            ],
            "time": "2020-05-12 15:16:56"
        },
        {
            "name": "react/promise-timer",
            "version": "v1.5.1",
            "source": {
                "type": "git",
                "url": "https://github.com/reactphp/promise-timer.git",
                "reference": "35fb910604fd86b00023fc5cda477c8074ad0abc"
            },
            "dist": {
                "type": "zip",
                "url": "https://api.github.com/repos/reactphp/promise-timer/zipball/35fb910604fd86b00023fc5cda477c8074ad0abc",
                "reference": "35fb910604fd86b00023fc5cda477c8074ad0abc",
                "shasum": ""
            },
            "require": {
                "php": ">=5.3",
                "react/event-loop": "^1.0 || ^0.5 || ^0.4 || ^0.3.5",
                "react/promise": "^2.7.0 || ^1.2.1"
            },
            "require-dev": {
                "phpunit/phpunit": "^6.4 || ^5.7 || ^4.8.35"
            },
            "type": "library",
            "autoload": {
                "psr-4": {
                    "React\\Promise\\Timer\\": "src/"
                },
                "files": [
                    "src/functions_include.php"
                ]
            },
            "notification-url": "https://packagist.org/downloads/",
            "license": [
                "MIT"
            ],
            "authors": [
                {
                    "name": "Christian Lück",
                    "email": "christian@lueck.tv"
                }
            ],
            "description": "A trivial implementation of timeouts for Promises, built on top of ReactPHP.",
            "homepage": "https://github.com/reactphp/promise-timer",
            "keywords": [
                "async",
                "event-loop",
                "promise",
                "reactphp",
                "timeout",
                "timer"
            ],
            "time": "2019-03-27 18:10:32"
        },
        {
            "name": "react/socket",
            "version": "v1.4.0",
            "source": {
                "type": "git",
                "url": "https://github.com/reactphp/socket.git",
                "reference": "97522e24987365e1ed873f0f4884900747a668e0"
            },
            "dist": {
                "type": "zip",
                "url": "https://api.github.com/repos/reactphp/socket/zipball/97522e24987365e1ed873f0f4884900747a668e0",
                "reference": "97522e24987365e1ed873f0f4884900747a668e0",
                "shasum": ""
            },
            "require": {
                "evenement/evenement": "^3.0 || ^2.0 || ^1.0",
                "php": ">=5.3.0",
                "react/dns": "^1.1",
                "react/event-loop": "^1.0 || ^0.5",
                "react/promise": "^2.6.0 || ^1.2.1",
                "react/promise-timer": "^1.4.0",
                "react/stream": "^1.1"
            },
            "require-dev": {
                "clue/block-react": "^1.2",
                "phpunit/phpunit": "^7.5 || ^6.4 || ^5.7 || ^4.8.35",
                "react/promise-stream": "^1.2"
            },
            "type": "library",
            "autoload": {
                "psr-4": {
                    "React\\Socket\\": "src"
                }
            },
            "notification-url": "https://packagist.org/downloads/",
            "license": [
                "MIT"
            ],
            "description": "Async, streaming plaintext TCP/IP and secure TLS socket server and client connections for ReactPHP",
            "keywords": [
                "Connection",
                "Socket",
                "async",
                "reactphp",
                "stream"
            ],
            "time": "2020-03-12 12:15:14"
        },
        {
            "name": "react/stream",
            "version": "v1.1.1",
            "source": {
                "type": "git",
                "url": "https://github.com/reactphp/stream.git",
                "reference": "7c02b510ee3f582c810aeccd3a197b9c2f52ff1a"
            },
            "dist": {
                "type": "zip",
                "url": "https://api.github.com/repos/reactphp/stream/zipball/7c02b510ee3f582c810aeccd3a197b9c2f52ff1a",
                "reference": "7c02b510ee3f582c810aeccd3a197b9c2f52ff1a",
                "shasum": ""
            },
            "require": {
                "evenement/evenement": "^3.0 || ^2.0 || ^1.0",
                "php": ">=5.3.8",
                "react/event-loop": "^1.0 || ^0.5 || ^0.4 || ^0.3.5"
            },
            "require-dev": {
                "clue/stream-filter": "~1.2",
                "phpunit/phpunit": "^7.0 || ^6.4 || ^5.7 || ^4.8.35"
            },
            "type": "library",
            "autoload": {
                "psr-4": {
                    "React\\Stream\\": "src"
                }
            },
            "notification-url": "https://packagist.org/downloads/",
            "license": [
                "MIT"
            ],
            "description": "Event-driven readable and writable streams for non-blocking I/O in ReactPHP",
            "keywords": [
                "event-driven",
                "io",
                "non-blocking",
                "pipe",
                "reactphp",
                "readable",
                "stream",
                "writable"
            ],
            "time": "2020-05-04 10:17:57"
        },
        {
            "name": "symfony/http-foundation",
            "version": "v3.4.40",
            "source": {
                "type": "git",
                "url": "https://github.com/symfony/http-foundation.git",
                "reference": "eded33daef1147be7ff1249706be9a49fe2c7a44"
            },
            "dist": {
                "type": "zip",
                "url": "https://api.github.com/repos/symfony/http-foundation/zipball/eded33daef1147be7ff1249706be9a49fe2c7a44",
                "reference": "eded33daef1147be7ff1249706be9a49fe2c7a44",
                "shasum": ""
            },
            "require": {
                "php": "^5.5.9|>=7.0.8",
                "symfony/polyfill-mbstring": "~1.1",
                "symfony/polyfill-php70": "~1.6"
            },
            "require-dev": {
                "symfony/expression-language": "~2.8|~3.0|~4.0"
            },
            "type": "library",
            "extra": {
                "branch-alias": {
                    "dev-master": "3.4-dev"
                }
            },
            "autoload": {
                "psr-4": {
                    "Symfony\\Component\\HttpFoundation\\": ""
                },
                "exclude-from-classmap": [
                    "/Tests/"
                ]
            },
            "notification-url": "https://packagist.org/downloads/",
            "license": [
                "MIT"
            ],
            "authors": [
                {
                    "name": "Fabien Potencier",
                    "email": "fabien@symfony.com"
                },
                {
                    "name": "Symfony Community",
                    "homepage": "https://symfony.com/contributors"
                }
            ],
            "description": "Symfony HttpFoundation Component",
            "homepage": "https://symfony.com",
            "time": "2020-04-18 20:23:17"
        },
        {
            "name": "symfony/polyfill-mbstring",
            "version": "v1.17.0",
            "source": {
                "type": "git",
                "url": "https://github.com/symfony/polyfill-mbstring.git",
                "reference": "fa79b11539418b02fc5e1897267673ba2c19419c"
            },
            "dist": {
                "type": "zip",
                "url": "https://api.github.com/repos/symfony/polyfill-mbstring/zipball/fa79b11539418b02fc5e1897267673ba2c19419c",
                "reference": "fa79b11539418b02fc5e1897267673ba2c19419c",
                "shasum": ""
            },
            "require": {
                "php": ">=5.3.3"
            },
            "suggest": {
                "ext-mbstring": "For best performance"
            },
            "type": "library",
            "extra": {
                "branch-alias": {
                    "dev-master": "1.17-dev"
                }
            },
            "autoload": {
                "psr-4": {
                    "Symfony\\Polyfill\\Mbstring\\": ""
                },
                "files": [
                    "bootstrap.php"
                ]
            },
            "notification-url": "https://packagist.org/downloads/",
            "license": [
                "MIT"
            ],
            "authors": [
                {
                    "name": "Nicolas Grekas",
                    "email": "p@tchwork.com"
                },
                {
                    "name": "Symfony Community",
                    "homepage": "https://symfony.com/contributors"
                }
            ],
            "description": "Symfony polyfill for the Mbstring extension",
            "homepage": "https://symfony.com",
            "keywords": [
                "compatibility",
                "mbstring",
                "polyfill",
                "portable",
                "shim"
            ],
            "time": "2020-05-12 16:47:27"
        },
        {
            "name": "symfony/polyfill-php70",
            "version": "v1.17.0",
            "source": {
                "type": "git",
                "url": "https://github.com/symfony/polyfill-php70.git",
                "reference": "82225c2d7d23d7e70515496d249c0152679b468e"
            },
            "dist": {
                "type": "zip",
                "url": "https://api.github.com/repos/symfony/polyfill-php70/zipball/82225c2d7d23d7e70515496d249c0152679b468e",
                "reference": "82225c2d7d23d7e70515496d249c0152679b468e",
                "shasum": ""
            },
            "require": {
                "paragonie/random_compat": "~1.0|~2.0|~9.99",
                "php": ">=5.3.3"
            },
            "type": "library",
            "extra": {
                "branch-alias": {
                    "dev-master": "1.17-dev"
                }
            },
            "autoload": {
                "psr-4": {
                    "Symfony\\Polyfill\\Php70\\": ""
                },
                "files": [
                    "bootstrap.php"
                ],
                "classmap": [
                    "Resources/stubs"
                ]
            },
            "notification-url": "https://packagist.org/downloads/",
            "license": [
                "MIT"
            ],
            "authors": [
                {
                    "name": "Nicolas Grekas",
                    "email": "p@tchwork.com"
                },
                {
                    "name": "Symfony Community",
                    "homepage": "https://symfony.com/contributors"
                }
            ],
            "description": "Symfony polyfill backporting some PHP 7.0+ features to lower PHP versions",
            "homepage": "https://symfony.com",
            "keywords": [
                "compatibility",
                "polyfill",
                "portable",
                "shim"
            ],
            "time": "2020-05-12 16:47:27"
        },
        {
            "name": "symfony/routing",
            "version": "v3.4.40",
            "source": {
                "type": "git",
                "url": "https://github.com/symfony/routing.git",
                "reference": "53b432fde8eea7dab820e75abda5b97fdaa829b4"
            },
            "dist": {
                "type": "zip",
                "url": "https://api.github.com/repos/symfony/routing/zipball/53b432fde8eea7dab820e75abda5b97fdaa829b4",
                "reference": "53b432fde8eea7dab820e75abda5b97fdaa829b4",
                "shasum": ""
            },
            "require": {
                "php": "^5.5.9|>=7.0.8"
            },
            "conflict": {
                "symfony/config": "<3.3.1",
                "symfony/dependency-injection": "<3.3",
                "symfony/yaml": "<3.4"
            },
            "require-dev": {
                "doctrine/annotations": "~1.0",
                "psr/log": "~1.0",
                "symfony/config": "^3.3.1|~4.0",
                "symfony/dependency-injection": "~3.3|~4.0",
                "symfony/expression-language": "~2.8|~3.0|~4.0",
                "symfony/http-foundation": "~2.8|~3.0|~4.0",
                "symfony/yaml": "~3.4|~4.0"
            },
            "suggest": {
                "doctrine/annotations": "For using the annotation loader",
                "symfony/config": "For using the all-in-one router or any loader",
                "symfony/expression-language": "For using expression matching",
                "symfony/http-foundation": "For using a Symfony Request object",
                "symfony/yaml": "For using the YAML loader"
            },
            "type": "library",
            "extra": {
                "branch-alias": {
                    "dev-master": "3.4-dev"
                }
            },
            "autoload": {
                "psr-4": {
                    "Symfony\\Component\\Routing\\": ""
                },
                "exclude-from-classmap": [
                    "/Tests/"
                ]
            },
            "notification-url": "https://packagist.org/downloads/",
            "license": [
                "MIT"
            ],
            "authors": [
                {
                    "name": "Fabien Potencier",
                    "email": "fabien@symfony.com"
                },
                {
                    "name": "Symfony Community",
                    "homepage": "https://symfony.com/contributors"
                }
            ],
            "description": "Symfony Routing Component",
            "homepage": "https://symfony.com",
            "keywords": [
                "router",
                "routing",
                "uri",
                "url"
            ],
            "time": "2020-04-12 09:58:27"
        }
    ],
    "packages-dev": [],
    "aliases": [],
    "minimum-stability": "stable",
    "stability-flags": [],
    "prefer-stable": false,
    "prefer-lowest": false,
    "platform": [],
    "platform-dev": []
}
