{
  "name": "libs",
  "lockfileVersion": 2,
  "requires": true,
  "packages": {
    "": {
      "license": "GPL-3.0",
      "dependencies": {
        "@fortawesome/fontawesome-free": "^5.15.4",
        "@popperjs/core": "^2.11.6",
        "bootstrap": "^5.2",
        "jquery": "^3.6.1",
        "jquery-datepicker": "^1.12.3",
        "jquery-ui-dist": "^1.13.2",
        "jquery-ui-touch-punch": "^0.2.3",
        "leader-line": "^1.0.7",
        "moment": "^2.29.4",
        "moment-timezone": "^0.5",
        "tinymce": "^6.2.0",
        "vanderlee-colorpicker": "^1.2.16"
      }
    },
    "node_modules/@fortawesome/fontawesome-free": {
      "version": "5.15.4",
      "resolved": "https://registry.npmjs.org/@fortawesome/fontawesome-free/-/fontawesome-free-5.15.4.tgz",
      "integrity": "sha512-eYm8vijH/hpzr/6/1CJ/V/Eb1xQFW2nnUKArb3z+yUWv7HTwj6M7SP957oMjfZjAHU6qpoNc2wQvIxBLWYa/Jg==",
      "hasInstallScript": true,
      "engines": {
        "node": ">=6"
      }
    },
    "node_modules/@popperjs/core": {
      "version": "2.11.6",
      "resolved": "https://registry.npmjs.org/@popperjs/core/-/core-2.11.6.tgz",
      "integrity": "sha512-50/17A98tWUfQ176raKiOGXuYpLyyVMkxxG6oylzL3BPOlA6ADGdK7EYunSa4I064xerltq9TGXs8HmOk5E+vw==",
      "funding": {
        "type": "opencollective",
        "url": "https://opencollective.com/popperjs"
      }
    },
    "node_modules/bootstrap": {
      "version": "5.2.1",
      "resolved": "https://registry.npmjs.org/bootstrap/-/bootstrap-5.2.1.tgz",
      "integrity": "sha512-UQi3v2NpVPEi1n35dmRRzBJFlgvWHYwyem6yHhuT6afYF+sziEt46McRbT//kVXZ7b1YUYEVGdXEH74Nx3xzGA==",
      "funding": [
        {
          "type": "github",
          "url": "https://github.com/sponsors/twbs"
        },
        {
          "type": "opencollective",
          "url": "https://opencollective.com/bootstrap"
        }
      ],
      "peerDependencies": {
        "@popperjs/core": "^2.11.6"
      }
    },
    "node_modules/jquery": {
      "version": "3.6.1",
      "resolved": "https://registry.npmjs.org/jquery/-/jquery-3.6.1.tgz",
      "integrity": "sha512-opJeO4nCucVnsjiXOE+/PcCgYw9Gwpvs/a6B1LL/lQhwWwpbVEVYDZ1FokFr8PRc7ghYlrFPuyHuiiDNTQxmcw=="
    },
    "node_modules/jquery-datepicker": {
      "version": "1.12.3",
      "resolved": "https://registry.npmjs.org/jquery-datepicker/-/jquery-datepicker-1.12.3.tgz",
      "integrity": "sha512-dj140t4syBKTLOvqnDJ/x03u9HcoatvX99t5IY/0IfEtxDtJAxB2VBCAZehbtHJg9Sb7YdC6/2BnGFk1pr/SgA=="
    },
    "node_modules/jquery-ui": {
      "version": "1.13.2",
      "resolved": "https://registry.npmjs.org/jquery-ui/-/jquery-ui-1.13.2.tgz",
      "integrity": "sha512-wBZPnqWs5GaYJmo1Jj0k/mrSkzdQzKDwhXNtHKcBdAcKVxMM3KNYFq+iJ2i1rwiG53Z8M4mTn3Qxrm17uH1D4Q==",
      "dependencies": {
        "jquery": ">=1.8.0 <4.0.0"
      }
    },
    "node_modules/jquery-ui-dist": {
      "version": "1.13.2",
      "resolved": "https://registry.npmjs.org/jquery-ui-dist/-/jquery-ui-dist-1.13.2.tgz",
      "integrity": "sha512-oVDRd1NLtTbBwpRKAYdIRgpWVDzeBhfy7Gu0RmY6JEaZtmBq6kDn1pm5SgDiAotrnDS+RoTRXO6xvcNTxA9tOA==",
      "dependencies": {
        "jquery": ">=1.8.0 <4.0.0"
      }
    },
    "node_modules/jquery-ui-touch-punch": {
      "version": "0.2.3",
      "resolved": "https://registry.npmjs.org/jquery-ui-touch-punch/-/jquery-ui-touch-punch-0.2.3.tgz",
      "integrity": "sha512-Q/7aAd+SjbV0SspHO7Kuk96NJIbLwJAS0lD81U1PKcU2T5ZKayXMORH+Y5qvYLuy41xqVQbWimsRKDn1v3oI2Q=="
    },
    "node_modules/leader-line": {
      "version": "1.0.7",
      "resolved": "https://registry.npmjs.org/leader-line/-/leader-line-1.0.7.tgz",
      "integrity": "sha512-PhJpQLV7XychSIuGPD0TEqR9PgRYBbrhReaOcmHFOVtTw4dWKfUMAtOb7UP7xTsoib6sFzq2giQeOUHy7LCuJQ=="
    },
    "node_modules/moment": {
      "version": "2.29.4",
      "resolved": "https://registry.npmjs.org/moment/-/moment-2.29.4.tgz",
      "integrity": "sha512-5LC9SOxjSc2HF6vO2CyuTDNivEdoz2IvyJJGj6X8DJ0eFyfszE0QiEd+iXmBvUP3WHxSjFH/vIsA0EN00cgr8w==",
      "engines": {
        "node": "*"
      }
    },
    "node_modules/moment-timezone": {
      "version": "0.5.37",
      "resolved": "https://registry.npmjs.org/moment-timezone/-/moment-timezone-0.5.37.tgz",
      "integrity": "sha512-uEDzDNFhfaywRl+vwXxffjjq1q0Vzr+fcQpQ1bU0kbzorfS7zVtZnCnGc8mhWmF39d4g4YriF6kwA75mJKE/Zg==",
      "dependencies": {
        "moment": ">= 2.9.0"
      },
      "engines": {
        "node": "*"
      }
    },
    "node_modules/tinymce": {
      "version": "6.2.0",
      "resolved": "https://registry.npmjs.org/tinymce/-/tinymce-6.2.0.tgz",
      "integrity": "sha512-zLjbFrg0hbtJ6PxmZUjQY6zyIOM/mLrWGTvhBec7XwYwoW1E0xXMQzy2tgMTh3OvJpsclgqf2ZMjmwcv4Cludw=="
    },
    "node_modules/vanderlee-colorpicker": {
      "version": "1.2.16",
      "resolved": "https://registry.npmjs.org/vanderlee-colorpicker/-/vanderlee-colorpicker-1.2.16.tgz",
      "integrity": "sha512-ax4KnbQLUT3NYCF3YhamC+PBSMb5ZDKhcNlPf6xkQEb5WQMJDrmZqNVidMjLTFFq4t9Wso6t+xEAiXYgT/XwOA==",
      "dependencies": {
        "jquery": ">=1.5",
        "jquery-ui": ">=1.7"
      }
    }
  },
  "dependencies": {
    "@fortawesome/fontawesome-free": {
      "version": "5.15.4",
      "resolved": "https://registry.npmjs.org/@fortawesome/fontawesome-free/-/fontawesome-free-5.15.4.tgz",
      "integrity": "sha512-eYm8vijH/hpzr/6/1CJ/V/Eb1xQFW2nnUKArb3z+yUWv7HTwj6M7SP957oMjfZjAHU6qpoNc2wQvIxBLWYa/Jg=="
    },
    "@popperjs/core": {
      "version": "2.11.6",
      "resolved": "https://registry.npmjs.org/@popperjs/core/-/core-2.11.6.tgz",
      "integrity": "sha512-50/17A98tWUfQ176raKiOGXuYpLyyVMkxxG6oylzL3BPOlA6ADGdK7EYunSa4I064xerltq9TGXs8HmOk5E+vw=="
    },
    "bootstrap": {
      "version": "5.2.1",
      "resolved": "https://registry.npmjs.org/bootstrap/-/bootstrap-5.2.1.tgz",
      "integrity": "sha512-UQi3v2NpVPEi1n35dmRRzBJFlgvWHYwyem6yHhuT6afYF+sziEt46McRbT//kVXZ7b1YUYEVGdXEH74Nx3xzGA==",
      "requires": {}
    },
    "jquery": {
      "version": "3.6.1",
      "resolved": "https://registry.npmjs.org/jquery/-/jquery-3.6.1.tgz",
      "integrity": "sha512-opJeO4nCucVnsjiXOE+/PcCgYw9Gwpvs/a6B1LL/lQhwWwpbVEVYDZ1FokFr8PRc7ghYlrFPuyHuiiDNTQxmcw=="
    },
    "jquery-datepicker": {
      "version": "1.12.3",
      "resolved": "https://registry.npmjs.org/jquery-datepicker/-/jquery-datepicker-1.12.3.tgz",
      "integrity": "sha512-dj140t4syBKTLOvqnDJ/x03u9HcoatvX99t5IY/0IfEtxDtJAxB2VBCAZehbtHJg9Sb7YdC6/2BnGFk1pr/SgA=="
    },
    "jquery-ui": {
      "version": "1.13.2",
      "resolved": "https://registry.npmjs.org/jquery-ui/-/jquery-ui-1.13.2.tgz",
      "integrity": "sha512-wBZPnqWs5GaYJmo1Jj0k/mrSkzdQzKDwhXNtHKcBdAcKVxMM3KNYFq+iJ2i1rwiG53Z8M4mTn3Qxrm17uH1D4Q==",
      "requires": {
        "jquery": ">=1.8.0 <4.0.0"
      }
    },
    "jquery-ui-dist": {
      "version": "1.13.2",
      "resolved": "https://registry.npmjs.org/jquery-ui-dist/-/jquery-ui-dist-1.13.2.tgz",
      "integrity": "sha512-oVDRd1NLtTbBwpRKAYdIRgpWVDzeBhfy7Gu0RmY6JEaZtmBq6kDn1pm5SgDiAotrnDS+RoTRXO6xvcNTxA9tOA==",
      "requires": {
        "jquery": ">=1.8.0 <4.0.0"
      }
    },
    "jquery-ui-touch-punch": {
      "version": "0.2.3",
      "resolved": "https://registry.npmjs.org/jquery-ui-touch-punch/-/jquery-ui-touch-punch-0.2.3.tgz",
      "integrity": "sha512-Q/7aAd+SjbV0SspHO7Kuk96NJIbLwJAS0lD81U1PKcU2T5ZKayXMORH+Y5qvYLuy41xqVQbWimsRKDn1v3oI2Q=="
    },
    "leader-line": {
      "version": "1.0.7",
      "resolved": "https://registry.npmjs.org/leader-line/-/leader-line-1.0.7.tgz",
      "integrity": "sha512-PhJpQLV7XychSIuGPD0TEqR9PgRYBbrhReaOcmHFOVtTw4dWKfUMAtOb7UP7xTsoib6sFzq2giQeOUHy7LCuJQ=="
    },
    "moment": {
      "version": "2.29.4",
      "resolved": "https://registry.npmjs.org/moment/-/moment-2.29.4.tgz",
      "integrity": "sha512-5LC9SOxjSc2HF6vO2CyuTDNivEdoz2IvyJJGj6X8DJ0eFyfszE0QiEd+iXmBvUP3WHxSjFH/vIsA0EN00cgr8w=="
    },
    "moment-timezone": {
      "version": "0.5.37",
      "resolved": "https://registry.npmjs.org/moment-timezone/-/moment-timezone-0.5.37.tgz",
      "integrity": "sha512-uEDzDNFhfaywRl+vwXxffjjq1q0Vzr+fcQpQ1bU0kbzorfS7zVtZnCnGc8mhWmF39d4g4YriF6kwA75mJKE/Zg==",
      "requires": {
        "moment": ">= 2.9.0"
      }
    },
    "tinymce": {
      "version": "6.2.0",
      "resolved": "https://registry.npmjs.org/tinymce/-/tinymce-6.2.0.tgz",
      "integrity": "sha512-zLjbFrg0hbtJ6PxmZUjQY6zyIOM/mLrWGTvhBec7XwYwoW1E0xXMQzy2tgMTh3OvJpsclgqf2ZMjmwcv4Cludw=="
    },
    "vanderlee-colorpicker": {
      "version": "1.2.16",
      "resolved": "https://registry.npmjs.org/vanderlee-colorpicker/-/vanderlee-colorpicker-1.2.16.tgz",
      "integrity": "sha512-ax4KnbQLUT3NYCF3YhamC+PBSMb5ZDKhcNlPf6xkQEb5WQMJDrmZqNVidMjLTFFq4t9Wso6t+xEAiXYgT/XwOA==",
      "requires": {
        "jquery": ">=1.5",
        "jquery-ui": ">=1.7"
      }
    }
  }
}
